// !$*UTF8*$!
{
	archiveVersion = 1;
	classes = {
	};
	objectVersion = 46;
	objects = {

/* Begin PBXBuildFile section */
		09EF530431979556102276EC /* Pods_DisneyPhotoAuto.framework in Frameworks */ = {isa = PBXBuildFile; fileRef = 1AA2BD116EE4E083D75CDA35 /* Pods_DisneyPhotoAuto.framework */; };
		242EA2571EBF481300463AB6 /* DPPayChoiceVIew.m in Sources */ = {isa = PBXBuildFile; fileRef = 242EA2561EBF481300463AB6 /* DPPayChoiceVIew.m */; };
		24480CA01EBF401F008155E2 /* CoreTelephony.framework in Frameworks */ = {isa = PBXBuildFile; fileRef = 24480C9F1EBF401F008155E2 /* CoreTelephony.framework */; };
		24480CA21EBF402A008155E2 /* libz.1.2.5.tbd in Frameworks */ = {isa = PBXBuildFile; fileRef = 24480CA11EBF402A008155E2 /* libz.1.2.5.tbd */; };
		24480CA41EBF4038008155E2 /* libsqlite3.tbd in Frameworks */ = {isa = PBXBuildFile; fileRef = 24480CA31EBF4038008155E2 /* libsqlite3.tbd */; };
		24480CA61EBF4044008155E2 /* libc++.tbd in Frameworks */ = {isa = PBXBuildFile; fileRef = 24480CA51EBF4044008155E2 /* libc++.tbd */; };
		24CC42851EBDAD6000E9EA7C /* GoogleService-Info.plist in Resources */ = {isa = PBXBuildFile; fileRef = 24CC42841EBDAD6000E9EA7C /* GoogleService-Info.plist */; };
		24CC42901EBEE45400E9EA7C /* DPHomeViewController+AD.m in Sources */ = {isa = PBXBuildFile; fileRef = 24CC428F1EBEE45400E9EA7C /* DPHomeViewController+AD.m */; };
		24CC42971EBEFECC00E9EA7C /* GSKeyChain.m in Sources */ = {isa = PBXBuildFile; fileRef = 24CC42941EBEFECC00E9EA7C /* GSKeyChain.m */; };
		24CC42981EBEFECC00E9EA7C /* GSKeyChainDataManager.m in Sources */ = {isa = PBXBuildFile; fileRef = 24CC42961EBEFECC00E9EA7C /* GSKeyChainDataManager.m */; };
		24CC429F1EBF0D1800E9EA7C /* KeyChainStore.m in Sources */ = {isa = PBXBuildFile; fileRef = 24CC429E1EBF0D1800E9EA7C /* KeyChainStore.m */; };
		28C306861EB58B0C00CAF0AD /* DPTabBarControllerViewController.m in Sources */ = {isa = PBXBuildFile; fileRef = 28C306841EB58B0C00CAF0AD /* DPTabBarControllerViewController.m */; };
		28C3068A1EB58B6D00CAF0AD /* DPNavigationController.m in Sources */ = {isa = PBXBuildFile; fileRef = 28C306891EB58B6C00CAF0AD /* DPNavigationController.m */; };
		28C3068D1EB58EF800CAF0AD /* DPHomeViewController.m in Sources */ = {isa = PBXBuildFile; fileRef = 28C3068C1EB58EF800CAF0AD /* DPHomeViewController.m */; };
		28C306BC1EB599FE00CAF0AD /* UIColor+Hex.m in Sources */ = {isa = PBXBuildFile; fileRef = 28C3069D1EB599FE00CAF0AD /* UIColor+Hex.m */; };
		28C306CD1EB5A56D00CAF0AD /* CGQCollectionViewCell.m in Sources */ = {isa = PBXBuildFile; fileRef = 28C306CB1EB5A56D00CAF0AD /* CGQCollectionViewCell.m */; };
		28C306CE1EB5A56D00CAF0AD /* CGQCollectionViewCell.xib in Resources */ = {isa = PBXBuildFile; fileRef = 28C306CC1EB5A56D00CAF0AD /* CGQCollectionViewCell.xib */; };
		28C306D21EB5CD2A00CAF0AD /* DPCollectionReusableView.m in Sources */ = {isa = PBXBuildFile; fileRef = 28C306D01EB5CD2A00CAF0AD /* DPCollectionReusableView.m */; };
		28C306D31EB5CD2A00CAF0AD /* DPCollectionReusableView.xib in Resources */ = {isa = PBXBuildFile; fileRef = 28C306D11EB5CD2A00CAF0AD /* DPCollectionReusableView.xib */; };
		28C306D61EB6BF1500CAF0AD /* QQLBXScanViewController.m in Sources */ = {isa = PBXBuildFile; fileRef = 28C306D51EB6BF1500CAF0AD /* QQLBXScanViewController.m */; };
		28C306E31EB6BF6200CAF0AD /* UIActionSheet+LBXAlertAction.m in Sources */ = {isa = PBXBuildFile; fileRef = 28C306DA1EB6BF6200CAF0AD /* UIActionSheet+LBXAlertAction.m */; };
		28C306E41EB6BF6200CAF0AD /* UIAlertController+supportedInterfaceOrientations.m in Sources */ = {isa = PBXBuildFile; fileRef = 28C306DC1EB6BF6200CAF0AD /* UIAlertController+supportedInterfaceOrientations.m */; };
		28C306E51EB6BF6200CAF0AD /* UIAlertView+LBXAlertAction.m in Sources */ = {isa = PBXBuildFile; fileRef = 28C306DE1EB6BF6200CAF0AD /* UIAlertView+LBXAlertAction.m */; };
		28C306E61EB6BF6200CAF0AD /* UIWindow+LBXHierarchy.m in Sources */ = {isa = PBXBuildFile; fileRef = 28C306E01EB6BF6200CAF0AD /* UIWindow+LBXHierarchy.m */; };
		28C306E71EB6BF6200CAF0AD /* LBXAlertAction.m in Sources */ = {isa = PBXBuildFile; fileRef = 28C306E21EB6BF6200CAF0AD /* LBXAlertAction.m */; };
		28C306EF1EB6BF9800CAF0AD /* LBXScanViewController.m in Sources */ = {isa = PBXBuildFile; fileRef = 28C306E91EB6BF9800CAF0AD /* LBXScanViewController.m */; };
		28C306F01EB6BF9800CAF0AD /* ScanResultViewController.m in Sources */ = {isa = PBXBuildFile; fileRef = 28C306EB1EB6BF9800CAF0AD /* ScanResultViewController.m */; };
		28C306F11EB6BF9800CAF0AD /* ScanResultViewController.xib in Resources */ = {isa = PBXBuildFile; fileRef = 28C306EC1EB6BF9800CAF0AD /* ScanResultViewController.xib */; };
		28C306F21EB6BF9800CAF0AD /* Global.m in Sources */ = {isa = PBXBuildFile; fileRef = 28C306EE1EB6BF9800CAF0AD /* Global.m */; };
		28C306F51EB6BFB800CAF0AD /* LBXScanPermissions.m in Sources */ = {isa = PBXBuildFile; fileRef = 28C306F31EB6BFB800CAF0AD /* LBXScanPermissions.m */; };
		28C306F81EB6C04300CAF0AD /* CreateBarCodeViewController.m in Sources */ = {isa = PBXBuildFile; fileRef = 28C306F71EB6C04300CAF0AD /* CreateBarCodeViewController.m */; };
		28C306FC1EB6C06800CAF0AD /* UIImageView+CornerRadius.m in Sources */ = {isa = PBXBuildFile; fileRef = 28C306FB1EB6C06800CAF0AD /* UIImageView+CornerRadius.m */; };
		28C307001EB6C1EE00CAF0AD /* StyleDIY.m in Sources */ = {isa = PBXBuildFile; fileRef = 28C306FF1EB6C1EE00CAF0AD /* StyleDIY.m */; };
		28C307021EB6D97F00CAF0AD /* CodeScan.bundle in Resources */ = {isa = PBXBuildFile; fileRef = 28C307011EB6D97F00CAF0AD /* CodeScan.bundle */; };
		28E3E61B1EB1AF88008093B7 /* main.m in Sources */ = {isa = PBXBuildFile; fileRef = 28E3E61A1EB1AF88008093B7 /* main.m */; };
		28E3E61E1EB1AF88008093B7 /* AppDelegate.m in Sources */ = {isa = PBXBuildFile; fileRef = 28E3E61D1EB1AF88008093B7 /* AppDelegate.m */; };
		28E3E6211EB1AF88008093B7 /* ViewController.m in Sources */ = {isa = PBXBuildFile; fileRef = 28E3E6201EB1AF88008093B7 /* ViewController.m */; };
		28E3E6241EB1AF88008093B7 /* Main.storyboard in Resources */ = {isa = PBXBuildFile; fileRef = 28E3E6221EB1AF88008093B7 /* Main.storyboard */; };
		28E3E6261EB1AF88008093B7 /* Assets.xcassets in Resources */ = {isa = PBXBuildFile; fileRef = 28E3E6251EB1AF88008093B7 /* Assets.xcassets */; };
		28E3E6291EB1AF88008093B7 /* LaunchScreen.storyboard in Resources */ = {isa = PBXBuildFile; fileRef = 28E3E6271EB1AF88008093B7 /* LaunchScreen.storyboard */; };
		28E3E6331EB1B584008093B7 /* DPNetWorkingManager.m in Sources */ = {isa = PBXBuildFile; fileRef = 28E3E6321EB1B584008093B7 /* DPNetWorkingManager.m */; };
		28E3E6361EB1B758008093B7 /* DPPhotoAlbum.m in Sources */ = {isa = PBXBuildFile; fileRef = 28E3E6351EB1B758008093B7 /* DPPhotoAlbum.m */; };
		28E3E6391EB1B768008093B7 /* DPPhoto.m in Sources */ = {isa = PBXBuildFile; fileRef = 28E3E6381EB1B768008093B7 /* DPPhoto.m */; };
/* End PBXBuildFile section */

/* Begin PBXFileReference section */
		1AA2BD116EE4E083D75CDA35 /* Pods_DisneyPhotoAuto.framework */ = {isa = PBXFileReference; explicitFileType = wrapper.framework; includeInIndex = 0; path = Pods_DisneyPhotoAuto.framework; sourceTree = BUILT_PRODUCTS_DIR; };
		242EA2551EBF481300463AB6 /* DPPayChoiceVIew.h */ = {isa = PBXFileReference; fileEncoding = 4; lastKnownFileType = sourcecode.c.h; path = DPPayChoiceVIew.h; sourceTree = "<group>"; };
		242EA2561EBF481300463AB6 /* DPPayChoiceVIew.m */ = {isa = PBXFileReference; fileEncoding = 4; lastKnownFileType = sourcecode.c.objc; path = DPPayChoiceVIew.m; sourceTree = "<group>"; };
		24480C9F1EBF401F008155E2 /* CoreTelephony.framework */ = {isa = PBXFileReference; lastKnownFileType = wrapper.framework; name = CoreTelephony.framework; path = System/Library/Frameworks/CoreTelephony.framework; sourceTree = SDKROOT; };
		24480CA11EBF402A008155E2 /* libz.1.2.5.tbd */ = {isa = PBXFileReference; lastKnownFileType = "sourcecode.text-based-dylib-definition"; name = libz.1.2.5.tbd; path = usr/lib/libz.1.2.5.tbd; sourceTree = SDKROOT; };
		24480CA31EBF4038008155E2 /* libsqlite3.tbd */ = {isa = PBXFileReference; lastKnownFileType = "sourcecode.text-based-dylib-definition"; name = libsqlite3.tbd; path = usr/lib/libsqlite3.tbd; sourceTree = SDKROOT; };
		24480CA51EBF4044008155E2 /* libc++.tbd */ = {isa = PBXFileReference; lastKnownFileType = "sourcecode.text-based-dylib-definition"; name = "libc++.tbd"; path = "usr/lib/libc++.tbd"; sourceTree = SDKROOT; };
		24CC42841EBDAD6000E9EA7C /* GoogleService-Info.plist */ = {isa = PBXFileReference; fileEncoding = 4; lastKnownFileType = text.plist.xml; path = "GoogleService-Info.plist"; sourceTree = "<group>"; };
		24CC428E1EBEE45400E9EA7C /* DPHomeViewController+AD.h */ = {isa = PBXFileReference; fileEncoding = 4; lastKnownFileType = sourcecode.c.h; path = "DPHomeViewController+AD.h"; sourceTree = "<group>"; };
		24CC428F1EBEE45400E9EA7C /* DPHomeViewController+AD.m */ = {isa = PBXFileReference; fileEncoding = 4; lastKnownFileType = sourcecode.c.objc; path = "DPHomeViewController+AD.m"; sourceTree = "<group>"; };
		24CC42911EBEE96000E9EA7C /* DPDefine.h */ = {isa = PBXFileReference; lastKnownFileType = sourcecode.c.h; path = DPDefine.h; sourceTree = "<group>"; };
		24CC42931EBEFECC00E9EA7C /* GSKeyChain.h */ = {isa = PBXFileReference; fileEncoding = 4; lastKnownFileType = sourcecode.c.h; path = GSKeyChain.h; sourceTree = "<group>"; };
		24CC42941EBEFECC00E9EA7C /* GSKeyChain.m */ = {isa = PBXFileReference; fileEncoding = 4; lastKnownFileType = sourcecode.c.objc; path = GSKeyChain.m; sourceTree = "<group>"; };
		24CC42951EBEFECC00E9EA7C /* GSKeyChainDataManager.h */ = {isa = PBXFileReference; fileEncoding = 4; lastKnownFileType = sourcecode.c.h; path = GSKeyChainDataManager.h; sourceTree = "<group>"; };
		24CC42961EBEFECC00E9EA7C /* GSKeyChainDataManager.m */ = {isa = PBXFileReference; fileEncoding = 4; lastKnownFileType = sourcecode.c.objc; path = GSKeyChainDataManager.m; sourceTree = "<group>"; };
		24CC42991EBF059600E9EA7C /* DisneyPhotoAuto.entitlements */ = {isa = PBXFileReference; lastKnownFileType = text.plist.entitlements; path = DisneyPhotoAuto.entitlements; sourceTree = "<group>"; };
		24CC429D1EBF0D1800E9EA7C /* KeyChainStore.h */ = {isa = PBXFileReference; fileEncoding = 4; lastKnownFileType = sourcecode.c.h; path = KeyChainStore.h; sourceTree = "<group>"; };
		24CC429E1EBF0D1800E9EA7C /* KeyChainStore.m */ = {isa = PBXFileReference; fileEncoding = 4; lastKnownFileType = sourcecode.c.objc; path = KeyChainStore.m; sourceTree = "<group>"; };
		28C306831EB58B0C00CAF0AD /* DPTabBarControllerViewController.h */ = {isa = PBXFileReference; fileEncoding = 4; lastKnownFileType = sourcecode.c.h; path = DPTabBarControllerViewController.h; sourceTree = "<group>"; };
		28C306841EB58B0C00CAF0AD /* DPTabBarControllerViewController.m */ = {isa = PBXFileReference; fileEncoding = 4; lastKnownFileType = sourcecode.c.objc; path = DPTabBarControllerViewController.m; sourceTree = "<group>"; };
		28C306881EB58B6C00CAF0AD /* DPNavigationController.h */ = {isa = PBXFileReference; fileEncoding = 4; lastKnownFileType = sourcecode.c.h; path = DPNavigationController.h; sourceTree = "<group>"; };
		28C306891EB58B6C00CAF0AD /* DPNavigationController.m */ = {isa = PBXFileReference; fileEncoding = 4; lastKnownFileType = sourcecode.c.objc; path = DPNavigationController.m; sourceTree = "<group>"; };
		28C3068B1EB58EF800CAF0AD /* DPHomeViewController.h */ = {isa = PBXFileReference; fileEncoding = 4; lastKnownFileType = sourcecode.c.h; path = DPHomeViewController.h; sourceTree = "<group>"; };
		28C3068C1EB58EF800CAF0AD /* DPHomeViewController.m */ = {isa = PBXFileReference; fileEncoding = 4; lastKnownFileType = sourcecode.c.objc; path = DPHomeViewController.m; sourceTree = "<group>"; };
		28C3069C1EB599FE00CAF0AD /* UIColor+Hex.h */ = {isa = PBXFileReference; fileEncoding = 4; lastKnownFileType = sourcecode.c.h; path = "UIColor+Hex.h"; sourceTree = "<group>"; };
		28C3069D1EB599FE00CAF0AD /* UIColor+Hex.m */ = {isa = PBXFileReference; fileEncoding = 4; lastKnownFileType = sourcecode.c.objc; path = "UIColor+Hex.m"; sourceTree = "<group>"; };
		28C306CA1EB5A56D00CAF0AD /* CGQCollectionViewCell.h */ = {isa = PBXFileReference; fileEncoding = 4; lastKnownFileType = sourcecode.c.h; path = CGQCollectionViewCell.h; sourceTree = "<group>"; };
		28C306CB1EB5A56D00CAF0AD /* CGQCollectionViewCell.m */ = {isa = PBXFileReference; fileEncoding = 4; lastKnownFileType = sourcecode.c.objc; path = CGQCollectionViewCell.m; sourceTree = "<group>"; };
		28C306CC1EB5A56D00CAF0AD /* CGQCollectionViewCell.xib */ = {isa = PBXFileReference; fileEncoding = 4; lastKnownFileType = file.xib; path = CGQCollectionViewCell.xib; sourceTree = "<group>"; };
		28C306CF1EB5CD2A00CAF0AD /* DPCollectionReusableView.h */ = {isa = PBXFileReference; fileEncoding = 4; lastKnownFileType = sourcecode.c.h; path = DPCollectionReusableView.h; sourceTree = "<group>"; };
		28C306D01EB5CD2A00CAF0AD /* DPCollectionReusableView.m */ = {isa = PBXFileReference; fileEncoding = 4; lastKnownFileType = sourcecode.c.objc; path = DPCollectionReusableView.m; sourceTree = "<group>"; };
		28C306D11EB5CD2A00CAF0AD /* DPCollectionReusableView.xib */ = {isa = PBXFileReference; fileEncoding = 4; lastKnownFileType = file.xib; path = DPCollectionReusableView.xib; sourceTree = "<group>"; };
		28C306D41EB6BF1500CAF0AD /* QQLBXScanViewController.h */ = {isa = PBXFileReference; fileEncoding = 4; lastKnownFileType = sourcecode.c.h; path = QQLBXScanViewController.h; sourceTree = "<group>"; };
		28C306D51EB6BF1500CAF0AD /* QQLBXScanViewController.m */ = {isa = PBXFileReference; fileEncoding = 4; lastKnownFileType = sourcecode.c.objc; path = QQLBXScanViewController.m; sourceTree = "<group>"; };
		28C306D91EB6BF6200CAF0AD /* UIActionSheet+LBXAlertAction.h */ = {isa = PBXFileReference; fileEncoding = 4; lastKnownFileType = sourcecode.c.h; path = "UIActionSheet+LBXAlertAction.h"; sourceTree = "<group>"; };
		28C306DA1EB6BF6200CAF0AD /* UIActionSheet+LBXAlertAction.m */ = {isa = PBXFileReference; fileEncoding = 4; lastKnownFileType = sourcecode.c.objc; path = "UIActionSheet+LBXAlertAction.m"; sourceTree = "<group>"; };
		28C306DB1EB6BF6200CAF0AD /* UIAlertController+supportedInterfaceOrientations.h */ = {isa = PBXFileReference; fileEncoding = 4; lastKnownFileType = sourcecode.c.h; path = "UIAlertController+supportedInterfaceOrientations.h"; sourceTree = "<group>"; };
		28C306DC1EB6BF6200CAF0AD /* UIAlertController+supportedInterfaceOrientations.m */ = {isa = PBXFileReference; fileEncoding = 4; lastKnownFileType = sourcecode.c.objc; path = "UIAlertController+supportedInterfaceOrientations.m"; sourceTree = "<group>"; };
		28C306DD1EB6BF6200CAF0AD /* UIAlertView+LBXAlertAction.h */ = {isa = PBXFileReference; fileEncoding = 4; lastKnownFileType = sourcecode.c.h; path = "UIAlertView+LBXAlertAction.h"; sourceTree = "<group>"; };
		28C306DE1EB6BF6200CAF0AD /* UIAlertView+LBXAlertAction.m */ = {isa = PBXFileReference; fileEncoding = 4; lastKnownFileType = sourcecode.c.objc; path = "UIAlertView+LBXAlertAction.m"; sourceTree = "<group>"; };
		28C306DF1EB6BF6200CAF0AD /* UIWindow+LBXHierarchy.h */ = {isa = PBXFileReference; fileEncoding = 4; lastKnownFileType = sourcecode.c.h; path = "UIWindow+LBXHierarchy.h"; sourceTree = "<group>"; };
		28C306E01EB6BF6200CAF0AD /* UIWindow+LBXHierarchy.m */ = {isa = PBXFileReference; fileEncoding = 4; lastKnownFileType = sourcecode.c.objc; path = "UIWindow+LBXHierarchy.m"; sourceTree = "<group>"; };
		28C306E11EB6BF6200CAF0AD /* LBXAlertAction.h */ = {isa = PBXFileReference; fileEncoding = 4; lastKnownFileType = sourcecode.c.h; path = LBXAlertAction.h; sourceTree = "<group>"; };
		28C306E21EB6BF6200CAF0AD /* LBXAlertAction.m */ = {isa = PBXFileReference; fileEncoding = 4; lastKnownFileType = sourcecode.c.objc; path = LBXAlertAction.m; sourceTree = "<group>"; };
		28C306E81EB6BF9800CAF0AD /* LBXScanViewController.h */ = {isa = PBXFileReference; fileEncoding = 4; lastKnownFileType = sourcecode.c.h; path = LBXScanViewController.h; sourceTree = "<group>"; };
		28C306E91EB6BF9800CAF0AD /* LBXScanViewController.m */ = {isa = PBXFileReference; fileEncoding = 4; lastKnownFileType = sourcecode.c.objc; path = LBXScanViewController.m; sourceTree = "<group>"; };
		28C306EA1EB6BF9800CAF0AD /* ScanResultViewController.h */ = {isa = PBXFileReference; fileEncoding = 4; lastKnownFileType = sourcecode.c.h; path = ScanResultViewController.h; sourceTree = "<group>"; };
		28C306EB1EB6BF9800CAF0AD /* ScanResultViewController.m */ = {isa = PBXFileReference; fileEncoding = 4; lastKnownFileType = sourcecode.c.objc; path = ScanResultViewController.m; sourceTree = "<group>"; };
		28C306EC1EB6BF9800CAF0AD /* ScanResultViewController.xib */ = {isa = PBXFileReference; fileEncoding = 4; lastKnownFileType = file.xib; path = ScanResultViewController.xib; sourceTree = "<group>"; };
		28C306ED1EB6BF9800CAF0AD /* Global.h */ = {isa = PBXFileReference; fileEncoding = 4; lastKnownFileType = sourcecode.c.h; path = Global.h; sourceTree = "<group>"; };
		28C306EE1EB6BF9800CAF0AD /* Global.m */ = {isa = PBXFileReference; fileEncoding = 4; lastKnownFileType = sourcecode.c.objc; path = Global.m; sourceTree = "<group>"; };
		28C306F31EB6BFB800CAF0AD /* LBXScanPermissions.m */ = {isa = PBXFileReference; fileEncoding = 4; lastKnownFileType = sourcecode.c.objc; path = LBXScanPermissions.m; sourceTree = "<group>"; };
		28C306F41EB6BFB800CAF0AD /* LBXScanPermissions.h */ = {isa = PBXFileReference; fileEncoding = 4; lastKnownFileType = sourcecode.c.h; path = LBXScanPermissions.h; sourceTree = "<group>"; };
		28C306F61EB6C04300CAF0AD /* CreateBarCodeViewController.h */ = {isa = PBXFileReference; fileEncoding = 4; lastKnownFileType = sourcecode.c.h; path = CreateBarCodeViewController.h; sourceTree = "<group>"; };
		28C306F71EB6C04300CAF0AD /* CreateBarCodeViewController.m */ = {isa = PBXFileReference; fileEncoding = 4; lastKnownFileType = sourcecode.c.objc; path = CreateBarCodeViewController.m; sourceTree = "<group>"; };
		28C306FA1EB6C06800CAF0AD /* UIImageView+CornerRadius.h */ = {isa = PBXFileReference; fileEncoding = 4; lastKnownFileType = sourcecode.c.h; path = "UIImageView+CornerRadius.h"; sourceTree = "<group>"; };
		28C306FB1EB6C06800CAF0AD /* UIImageView+CornerRadius.m */ = {isa = PBXFileReference; fileEncoding = 4; lastKnownFileType = sourcecode.c.objc; path = "UIImageView+CornerRadius.m"; sourceTree = "<group>"; };
		28C306FE1EB6C1EE00CAF0AD /* StyleDIY.h */ = {isa = PBXFileReference; fileEncoding = 4; lastKnownFileType = sourcecode.c.h; path = StyleDIY.h; sourceTree = "<group>"; };
		28C306FF1EB6C1EE00CAF0AD /* StyleDIY.m */ = {isa = PBXFileReference; fileEncoding = 4; lastKnownFileType = sourcecode.c.objc; path = StyleDIY.m; sourceTree = "<group>"; };
		28C307011EB6D97F00CAF0AD /* CodeScan.bundle */ = {isa = PBXFileReference; lastKnownFileType = "wrapper.plug-in"; path = CodeScan.bundle; sourceTree = "<group>"; };
		28E3E6161EB1AF88008093B7 /* DisneyPhotoAuto.app */ = {isa = PBXFileReference; explicitFileType = wrapper.application; includeInIndex = 0; path = DisneyPhotoAuto.app; sourceTree = BUILT_PRODUCTS_DIR; };
		28E3E61A1EB1AF88008093B7 /* main.m */ = {isa = PBXFileReference; lastKnownFileType = sourcecode.c.objc; path = main.m; sourceTree = "<group>"; };
		28E3E61C1EB1AF88008093B7 /* AppDelegate.h */ = {isa = PBXFileReference; lastKnownFileType = sourcecode.c.h; path = AppDelegate.h; sourceTree = "<group>"; };
		28E3E61D1EB1AF88008093B7 /* AppDelegate.m */ = {isa = PBXFileReference; lastKnownFileType = sourcecode.c.objc; path = AppDelegate.m; sourceTree = "<group>"; };
		28E3E61F1EB1AF88008093B7 /* ViewController.h */ = {isa = PBXFileReference; lastKnownFileType = sourcecode.c.h; path = ViewController.h; sourceTree = "<group>"; };
		28E3E6201EB1AF88008093B7 /* ViewController.m */ = {isa = PBXFileReference; lastKnownFileType = sourcecode.c.objc; path = ViewController.m; sourceTree = "<group>"; };
		28E3E6231EB1AF88008093B7 /* Base */ = {isa = PBXFileReference; lastKnownFileType = file.storyboard; name = Base; path = Base.lproj/Main.storyboard; sourceTree = "<group>"; };
		28E3E6251EB1AF88008093B7 /* Assets.xcassets */ = {isa = PBXFileReference; lastKnownFileType = folder.assetcatalog; path = Assets.xcassets; sourceTree = "<group>"; };
		28E3E6281EB1AF88008093B7 /* Base */ = {isa = PBXFileReference; lastKnownFileType = file.storyboard; name = Base; path = Base.lproj/LaunchScreen.storyboard; sourceTree = "<group>"; };
		28E3E62A1EB1AF88008093B7 /* Info.plist */ = {isa = PBXFileReference; lastKnownFileType = text.plist.xml; path = Info.plist; sourceTree = "<group>"; };
		28E3E6301EB1B323008093B7 /* DisneyPhotoAuto_PrefixHeader.pch */ = {isa = PBXFileReference; lastKnownFileType = sourcecode.c.h; path = DisneyPhotoAuto_PrefixHeader.pch; sourceTree = "<group>"; };
		28E3E6311EB1B583008093B7 /* DPNetWorkingManager.h */ = {isa = PBXFileReference; fileEncoding = 4; lastKnownFileType = sourcecode.c.h; path = DPNetWorkingManager.h; sourceTree = "<group>"; };
		28E3E6321EB1B584008093B7 /* DPNetWorkingManager.m */ = {isa = PBXFileReference; fileEncoding = 4; lastKnownFileType = sourcecode.c.objc; path = DPNetWorkingManager.m; sourceTree = "<group>"; };
		28E3E6341EB1B758008093B7 /* DPPhotoAlbum.h */ = {isa = PBXFileReference; fileEncoding = 4; lastKnownFileType = sourcecode.c.h; path = DPPhotoAlbum.h; sourceTree = "<group>"; };
		28E3E6351EB1B758008093B7 /* DPPhotoAlbum.m */ = {isa = PBXFileReference; fileEncoding = 4; lastKnownFileType = sourcecode.c.objc; path = DPPhotoAlbum.m; sourceTree = "<group>"; };
		28E3E6371EB1B768008093B7 /* DPPhoto.h */ = {isa = PBXFileReference; fileEncoding = 4; lastKnownFileType = sourcecode.c.h; path = DPPhoto.h; sourceTree = "<group>"; };
		28E3E6381EB1B768008093B7 /* DPPhoto.m */ = {isa = PBXFileReference; fileEncoding = 4; lastKnownFileType = sourcecode.c.objc; path = DPPhoto.m; sourceTree = "<group>"; };
		32ABED7CB70CBD278782E435 /* Pods-DisneyPhotoAuto.release.xcconfig */ = {isa = PBXFileReference; includeInIndex = 1; lastKnownFileType = text.xcconfig; name = "Pods-DisneyPhotoAuto.release.xcconfig"; path = "Pods/Target Support Files/Pods-DisneyPhotoAuto/Pods-DisneyPhotoAuto.release.xcconfig"; sourceTree = "<group>"; };
		F1026624EE1AB9CB14C5C554 /* Pods-DisneyPhotoAuto.debug.xcconfig */ = {isa = PBXFileReference; includeInIndex = 1; lastKnownFileType = text.xcconfig; name = "Pods-DisneyPhotoAuto.debug.xcconfig"; path = "Pods/Target Support Files/Pods-DisneyPhotoAuto/Pods-DisneyPhotoAuto.debug.xcconfig"; sourceTree = "<group>"; };
/* End PBXFileReference section */

/* Begin PBXFrameworksBuildPhase section */
		28E3E6131EB1AF88008093B7 /* Frameworks */ = {
			isa = PBXFrameworksBuildPhase;
			buildActionMask = 2147483647;
			files = (
				24480CA61EBF4044008155E2 /* libc++.tbd in Frameworks */,
				24480CA41EBF4038008155E2 /* libsqlite3.tbd in Frameworks */,
				24480CA21EBF402A008155E2 /* libz.1.2.5.tbd in Frameworks */,
				24480CA01EBF401F008155E2 /* CoreTelephony.framework in Frameworks */,
				09EF530431979556102276EC /* Pods_DisneyPhotoAuto.framework in Frameworks */,
			);
			runOnlyForDeploymentPostprocessing = 0;
		};
/* End PBXFrameworksBuildPhase section */

/* Begin PBXGroup section */
		24CC42921EBEFEA300E9EA7C /* KeyChain */ = {
			isa = PBXGroup;
			children = (
				24CC429D1EBF0D1800E9EA7C /* KeyChainStore.h */,
				24CC429E1EBF0D1800E9EA7C /* KeyChainStore.m */,
				24CC42931EBEFECC00E9EA7C /* GSKeyChain.h */,
				24CC42941EBEFECC00E9EA7C /* GSKeyChain.m */,
				24CC42951EBEFECC00E9EA7C /* GSKeyChainDataManager.h */,
				24CC42961EBEFECC00E9EA7C /* GSKeyChainDataManager.m */,
			);
			name = KeyChain;
			sourceTree = "<group>";
		};
		28C306821EB58A1E00CAF0AD /* Controller */ = {
			isa = PBXGroup;
			children = (
				28C306831EB58B0C00CAF0AD /* DPTabBarControllerViewController.h */,
				28C306841EB58B0C00CAF0AD /* DPTabBarControllerViewController.m */,
				28C306881EB58B6C00CAF0AD /* DPNavigationController.h */,
				28C306891EB58B6C00CAF0AD /* DPNavigationController.m */,
				28C3068B1EB58EF800CAF0AD /* DPHomeViewController.h */,
				28C3068C1EB58EF800CAF0AD /* DPHomeViewController.m */,
				24CC428E1EBEE45400E9EA7C /* DPHomeViewController+AD.h */,
				24CC428F1EBEE45400E9EA7C /* DPHomeViewController+AD.m */,
			);
			name = Controller;
			sourceTree = "<group>";
		};
		28C306901EB599FE00CAF0AD /* Category_Extension */ = {
			isa = PBXGroup;
			children = (
				28C3069C1EB599FE00CAF0AD /* UIColor+Hex.h */,
				28C3069D1EB599FE00CAF0AD /* UIColor+Hex.m */,
			);
			path = Category_Extension;
			sourceTree = "<group>";
		};
		28C306D71EB6BF6200CAF0AD /* LBXAlertAction */ = {
			isa = PBXGroup;
			children = (
				28C306D81EB6BF6200CAF0AD /* Class */,
				28C306E11EB6BF6200CAF0AD /* LBXAlertAction.h */,
				28C306E21EB6BF6200CAF0AD /* LBXAlertAction.m */,
			);
			path = LBXAlertAction;
			sourceTree = "<group>";
		};
		28C306D81EB6BF6200CAF0AD /* Class */ = {
			isa = PBXGroup;
			children = (
				28C306D91EB6BF6200CAF0AD /* UIActionSheet+LBXAlertAction.h */,
				28C306DA1EB6BF6200CAF0AD /* UIActionSheet+LBXAlertAction.m */,
				28C306DB1EB6BF6200CAF0AD /* UIAlertController+supportedInterfaceOrientations.h */,
				28C306DC1EB6BF6200CAF0AD /* UIAlertController+supportedInterfaceOrientations.m */,
				28C306DD1EB6BF6200CAF0AD /* UIAlertView+LBXAlertAction.h */,
				28C306DE1EB6BF6200CAF0AD /* UIAlertView+LBXAlertAction.m */,
				28C306DF1EB6BF6200CAF0AD /* UIWindow+LBXHierarchy.h */,
				28C306E01EB6BF6200CAF0AD /* UIWindow+LBXHierarchy.m */,
			);
			path = Class;
			sourceTree = "<group>";
		};
		28C306F91EB6C06800CAF0AD /* CornerRadiusCategory */ = {
			isa = PBXGroup;
			children = (
				28C306FA1EB6C06800CAF0AD /* UIImageView+CornerRadius.h */,
				28C306FB1EB6C06800CAF0AD /* UIImageView+CornerRadius.m */,
			);
			path = CornerRadiusCategory;
			sourceTree = "<group>";
		};
		28C306FD1EB6C14B00CAF0AD /* QR */ = {
			isa = PBXGroup;
			children = (
				28C307011EB6D97F00CAF0AD /* CodeScan.bundle */,
				28C306FE1EB6C1EE00CAF0AD /* StyleDIY.h */,
				28C306FF1EB6C1EE00CAF0AD /* StyleDIY.m */,
				28C306D41EB6BF1500CAF0AD /* QQLBXScanViewController.h */,
				28C306D51EB6BF1500CAF0AD /* QQLBXScanViewController.m */,
				28C306F61EB6C04300CAF0AD /* CreateBarCodeViewController.h */,
				28C306F71EB6C04300CAF0AD /* CreateBarCodeViewController.m */,
				28C306E81EB6BF9800CAF0AD /* LBXScanViewController.h */,
				28C306E91EB6BF9800CAF0AD /* LBXScanViewController.m */,
				28C306EA1EB6BF9800CAF0AD /* ScanResultViewController.h */,
				28C306EB1EB6BF9800CAF0AD /* ScanResultViewController.m */,
				28C306EC1EB6BF9800CAF0AD /* ScanResultViewController.xib */,
				28C306F31EB6BFB800CAF0AD /* LBXScanPermissions.m */,
				28C306F41EB6BFB800CAF0AD /* LBXScanPermissions.h */,
				28C306ED1EB6BF9800CAF0AD /* Global.h */,
				28C306EE1EB6BF9800CAF0AD /* Global.m */,
				28C306F91EB6C06800CAF0AD /* CornerRadiusCategory */,
				28C306D71EB6BF6200CAF0AD /* LBXAlertAction */,
			);
			name = QR;
			sourceTree = "<group>";
		};
		28E3E60D1EB1AF88008093B7 = {
			isa = PBXGroup;
			children = (
				28E3E6181EB1AF88008093B7 /* DisneyPhotoAuto */,
				28E3E6171EB1AF88008093B7 /* Products */,
				FF41658BFF22A8AC41ADDBC9 /* Pods */,
				B005515951480D0EF3F236ED /* Frameworks */,
			);
			sourceTree = "<group>";
		};
		28E3E6171EB1AF88008093B7 /* Products */ = {
			isa = PBXGroup;
			children = (
				28E3E6161EB1AF88008093B7 /* DisneyPhotoAuto.app */,
			);
			name = Products;
			sourceTree = "<group>";
		};
		28E3E6181EB1AF88008093B7 /* DisneyPhotoAuto */ = {
			isa = PBXGroup;
			children = (
				24CC42991EBF059600E9EA7C /* DisneyPhotoAuto.entitlements */,
				28C306901EB599FE00CAF0AD /* Category_Extension */,
				28E3E61C1EB1AF88008093B7 /* AppDelegate.h */,
				28E3E61D1EB1AF88008093B7 /* AppDelegate.m */,
				28C306FD1EB6C14B00CAF0AD /* QR */,
				28C306821EB58A1E00CAF0AD /* Controller */,
				28E3E6311EB1B583008093B7 /* DPNetWorkingManager.h */,
				28E3E6321EB1B584008093B7 /* DPNetWorkingManager.m */,
				242EA2551EBF481300463AB6 /* DPPayChoiceVIew.h */,
				242EA2561EBF481300463AB6 /* DPPayChoiceVIew.m */,
				24CC42921EBEFEA300E9EA7C /* KeyChain */,
				28E3E61F1EB1AF88008093B7 /* ViewController.h */,
				28E3E6201EB1AF88008093B7 /* ViewController.m */,
				28C306CA1EB5A56D00CAF0AD /* CGQCollectionViewCell.h */,
				28C306CB1EB5A56D00CAF0AD /* CGQCollectionViewCell.m */,
				28C306CC1EB5A56D00CAF0AD /* CGQCollectionViewCell.xib */,
				28C306CF1EB5CD2A00CAF0AD /* DPCollectionReusableView.h */,
				28C306D01EB5CD2A00CAF0AD /* DPCollectionReusableView.m */,
				28C306D11EB5CD2A00CAF0AD /* DPCollectionReusableView.xib */,
				28E3E6341EB1B758008093B7 /* DPPhotoAlbum.h */,
				28E3E6351EB1B758008093B7 /* DPPhotoAlbum.m */,
				28E3E6371EB1B768008093B7 /* DPPhoto.h */,
				28E3E6381EB1B768008093B7 /* DPPhoto.m */,
				24CC42911EBEE96000E9EA7C /* DPDefine.h */,
				28E3E6221EB1AF88008093B7 /* Main.storyboard */,
				28E3E6251EB1AF88008093B7 /* Assets.xcassets */,
				28E3E6271EB1AF88008093B7 /* LaunchScreen.storyboard */,
				28E3E62A1EB1AF88008093B7 /* Info.plist */,
				28E3E6191EB1AF88008093B7 /* Supporting Files */,
			);
			path = DisneyPhotoAuto;
			sourceTree = "<group>";
		};
		28E3E6191EB1AF88008093B7 /* Supporting Files */ = {
			isa = PBXGroup;
			children = (
				24CC42841EBDAD6000E9EA7C /* GoogleService-Info.plist */,
				28E3E61A1EB1AF88008093B7 /* main.m */,
				28E3E6301EB1B323008093B7 /* DisneyPhotoAuto_PrefixHeader.pch */,
			);
			name = "Supporting Files";
			sourceTree = "<group>";
		};
		B005515951480D0EF3F236ED /* Frameworks */ = {
			isa = PBXGroup;
			children = (
				24480CA51EBF4044008155E2 /* libc++.tbd */,
				24480CA31EBF4038008155E2 /* libsqlite3.tbd */,
				24480CA11EBF402A008155E2 /* libz.1.2.5.tbd */,
				24480C9F1EBF401F008155E2 /* CoreTelephony.framework */,
				1AA2BD116EE4E083D75CDA35 /* Pods_DisneyPhotoAuto.framework */,
			);
			name = Frameworks;
			sourceTree = "<group>";
		};
		FF41658BFF22A8AC41ADDBC9 /* Pods */ = {
			isa = PBXGroup;
			children = (
				F1026624EE1AB9CB14C5C554 /* Pods-DisneyPhotoAuto.debug.xcconfig */,
				32ABED7CB70CBD278782E435 /* Pods-DisneyPhotoAuto.release.xcconfig */,
			);
			name = Pods;
			sourceTree = "<group>";
		};
/* End PBXGroup section */

/* Begin PBXNativeTarget section */
		28E3E6151EB1AF88008093B7 /* DisneyPhotoAuto */ = {
			isa = PBXNativeTarget;
			buildConfigurationList = 28E3E62D1EB1AF88008093B7 /* Build configuration list for PBXNativeTarget "DisneyPhotoAuto" */;
			buildPhases = (
				538E63A3D4CA7434543DFDEE /* [CP] Check Pods Manifest.lock */,
				28E3E6121EB1AF88008093B7 /* Sources */,
				28E3E6131EB1AF88008093B7 /* Frameworks */,
				28E3E6141EB1AF88008093B7 /* Resources */,
				285CBE1E911F787FA5989774 /* [CP] Embed Pods Frameworks */,
				E9799E346D218BA4E7328599 /* [CP] Copy Pods Resources */,
			);
			buildRules = (
			);
			dependencies = (
			);
			name = DisneyPhotoAuto;
			productName = DisneyPhotoAuto;
			productReference = 28E3E6161EB1AF88008093B7 /* DisneyPhotoAuto.app */;
			productType = "com.apple.product-type.application";
		};
/* End PBXNativeTarget section */

/* Begin PBXProject section */
		28E3E60E1EB1AF88008093B7 /* Project object */ = {
			isa = PBXProject;
			attributes = {
				LastUpgradeCheck = 0820;
				ORGANIZATIONNAME = Bruno.ma;
				TargetAttributes = {
					28E3E6151EB1AF88008093B7 = {
						CreatedOnToolsVersion = 8.2.1;
						DevelopmentTeam = 4H22C2CRLW;
						ProvisioningStyle = Manual;
						SystemCapabilities = {
							com.apple.Keychain = {
								enabled = 1;
							};
						};
					};
				};
			};
			buildConfigurationList = 28E3E6111EB1AF88008093B7 /* Build configuration list for PBXProject "DisneyPhotoAuto" */;
			compatibilityVersion = "Xcode 3.2";
			developmentRegion = English;
			hasScannedForEncodings = 0;
			knownRegions = (
				en,
				Base,
			);
			mainGroup = 28E3E60D1EB1AF88008093B7;
			productRefGroup = 28E3E6171EB1AF88008093B7 /* Products */;
			projectDirPath = "";
			projectRoot = "";
			targets = (
				28E3E6151EB1AF88008093B7 /* DisneyPhotoAuto */,
			);
		};
/* End PBXProject section */

/* Begin PBXResourcesBuildPhase section */
		28E3E6141EB1AF88008093B7 /* Resources */ = {
			isa = PBXResourcesBuildPhase;
			buildActionMask = 2147483647;
			files = (
				28C306CE1EB5A56D00CAF0AD /* CGQCollectionViewCell.xib in Resources */,
				28C306F11EB6BF9800CAF0AD /* ScanResultViewController.xib in Resources */,
				24CC42851EBDAD6000E9EA7C /* GoogleService-Info.plist in Resources */,
				28C306D31EB5CD2A00CAF0AD /* DPCollectionReusableView.xib in Resources */,
				28E3E6291EB1AF88008093B7 /* LaunchScreen.storyboard in Resources */,
				28E3E6261EB1AF88008093B7 /* Assets.xcassets in Resources */,
				28E3E6241EB1AF88008093B7 /* Main.storyboard in Resources */,
				28C307021EB6D97F00CAF0AD /* CodeScan.bundle in Resources */,
			);
			runOnlyForDeploymentPostprocessing = 0;
		};
/* End PBXResourcesBuildPhase section */

/* Begin PBXShellScriptBuildPhase section */
		285CBE1E911F787FA5989774 /* [CP] Embed Pods Frameworks */ = {
			isa = PBXShellScriptBuildPhase;
			buildActionMask = 2147483647;
			files = (
			);
			inputPaths = (
			);
			name = "[CP] Embed Pods Frameworks";
			outputPaths = (
			);
			runOnlyForDeploymentPostprocessing = 0;
			shellPath = /bin/sh;
			shellScript = "\"${SRCROOT}/Pods/Target Support Files/Pods-DisneyPhotoAuto/Pods-DisneyPhotoAuto-frameworks.sh\"\n";
			showEnvVarsInLog = 0;
		};
		538E63A3D4CA7434543DFDEE /* [CP] Check Pods Manifest.lock */ = {
			isa = PBXShellScriptBuildPhase;
			buildActionMask = 2147483647;
			files = (
			);
			inputPaths = (
			);
			name = "[CP] Check Pods Manifest.lock";
			outputPaths = (
			);
			runOnlyForDeploymentPostprocessing = 0;
			shellPath = /bin/sh;
			shellScript = "diff \"${PODS_ROOT}/../Podfile.lock\" \"${PODS_ROOT}/Manifest.lock\" > /dev/null\nif [ $? != 0 ] ; then\n    # print error to STDERR\n    echo \"error: The sandbox is not in sync with the Podfile.lock. Run 'pod install' or update your CocoaPods installation.\" >&2\n    exit 1\nfi\n";
			showEnvVarsInLog = 0;
		};
		E9799E346D218BA4E7328599 /* [CP] Copy Pods Resources */ = {
			isa = PBXShellScriptBuildPhase;
			buildActionMask = 2147483647;
			files = (
			);
			inputPaths = (
			);
			name = "[CP] Copy Pods Resources";
			outputPaths = (
			);
			runOnlyForDeploymentPostprocessing = 0;
			shellPath = /bin/sh;
			shellScript = "\"${SRCROOT}/Pods/Target Support Files/Pods-DisneyPhotoAuto/Pods-DisneyPhotoAuto-resources.sh\"\n";
			showEnvVarsInLog = 0;
		};
/* End PBXShellScriptBuildPhase section */

/* Begin PBXSourcesBuildPhase section */
		28E3E6121EB1AF88008093B7 /* Sources */ = {
			isa = PBXSourcesBuildPhase;
			buildActionMask = 2147483647;
			files = (
				28C306F01EB6BF9800CAF0AD /* ScanResultViewController.m in Sources */,
				28C306E61EB6BF6200CAF0AD /* UIWindow+LBXHierarchy.m in Sources */,
				28C3068D1EB58EF800CAF0AD /* DPHomeViewController.m in Sources */,
				28C306F21EB6BF9800CAF0AD /* Global.m in Sources */,
				28C306E31EB6BF6200CAF0AD /* UIActionSheet+LBXAlertAction.m in Sources */,
				24CC429F1EBF0D1800E9EA7C /* KeyChainStore.m in Sources */,
				28C306FC1EB6C06800CAF0AD /* UIImageView+CornerRadius.m in Sources */,
				28C306BC1EB599FE00CAF0AD /* UIColor+Hex.m in Sources */,
				24CC42971EBEFECC00E9EA7C /* GSKeyChain.m in Sources */,
				28E3E6391EB1B768008093B7 /* DPPhoto.m in Sources */,
				28E3E6211EB1AF88008093B7 /* ViewController.m in Sources */,
				28C306E41EB6BF6200CAF0AD /* UIAlertController+supportedInterfaceOrientations.m in Sources */,
				28C306EF1EB6BF9800CAF0AD /* LBXScanViewController.m in Sources */,
				28C306F81EB6C04300CAF0AD /* CreateBarCodeViewController.m in Sources */,
				242EA2571EBF481300463AB6 /* DPPayChoiceVIew.m in Sources */,
				24CC42981EBEFECC00E9EA7C /* GSKeyChainDataManager.m in Sources */,
				28C306D61EB6BF1500CAF0AD /* QQLBXScanViewController.m in Sources */,
				28E3E61E1EB1AF88008093B7 /* AppDelegate.m in Sources */,
				24CC42901EBEE45400E9EA7C /* DPHomeViewController+AD.m in Sources */,
				28C306CD1EB5A56D00CAF0AD /* CGQCollectionViewCell.m in Sources */,
				28C3068A1EB58B6D00CAF0AD /* DPNavigationController.m in Sources */,
				28C307001EB6C1EE00CAF0AD /* StyleDIY.m in Sources */,
				28C306D21EB5CD2A00CAF0AD /* DPCollectionReusableView.m in Sources */,
				28E3E61B1EB1AF88008093B7 /* main.m in Sources */,
				28C306E71EB6BF6200CAF0AD /* LBXAlertAction.m in Sources */,
				28E3E6361EB1B758008093B7 /* DPPhotoAlbum.m in Sources */,
				28E3E6331EB1B584008093B7 /* DPNetWorkingManager.m in Sources */,
				28C306861EB58B0C00CAF0AD /* DPTabBarControllerViewController.m in Sources */,
				28C306F51EB6BFB800CAF0AD /* LBXScanPermissions.m in Sources */,
				28C306E51EB6BF6200CAF0AD /* UIAlertView+LBXAlertAction.m in Sources */,
			);
			runOnlyForDeploymentPostprocessing = 0;
		};
/* End PBXSourcesBuildPhase section */

/* Begin PBXVariantGroup section */
		28E3E6221EB1AF88008093B7 /* Main.storyboard */ = {
			isa = PBXVariantGroup;
			children = (
				28E3E6231EB1AF88008093B7 /* Base */,
			);
			name = Main.storyboard;
			sourceTree = "<group>";
		};
		28E3E6271EB1AF88008093B7 /* LaunchScreen.storyboard */ = {
			isa = PBXVariantGroup;
			children = (
				28E3E6281EB1AF88008093B7 /* Base */,
			);
			name = LaunchScreen.storyboard;
			sourceTree = "<group>";
		};
/* End PBXVariantGroup section */

/* Begin XCBuildConfiguration section */
		28E3E62B1EB1AF88008093B7 /* Debug */ = {
			isa = XCBuildConfiguration;
			buildSettings = {
				ALWAYS_SEARCH_USER_PATHS = NO;
				CLANG_ANALYZER_NONNULL = YES;
				CLANG_CXX_LANGUAGE_STANDARD = "gnu++0x";
				CLANG_CXX_LIBRARY = "libc++";
				CLANG_ENABLE_MODULES = YES;
				CLANG_ENABLE_OBJC_ARC = YES;
				CLANG_WARN_BOOL_CONVERSION = YES;
				CLANG_WARN_CONSTANT_CONVERSION = YES;
				CLANG_WARN_DIRECT_OBJC_ISA_USAGE = YES_ERROR;
				CLANG_WARN_DOCUMENTATION_COMMENTS = YES;
				CLANG_WARN_EMPTY_BODY = YES;
				CLANG_WARN_ENUM_CONVERSION = YES;
				CLANG_WARN_INFINITE_RECURSION = YES;
				CLANG_WARN_INT_CONVERSION = YES;
				CLANG_WARN_OBJC_ROOT_CLASS = YES_ERROR;
				CLANG_WARN_SUSPICIOUS_MOVE = YES;
				CLANG_WARN_UNREACHABLE_CODE = YES;
				CLANG_WARN__DUPLICATE_METHOD_MATCH = YES;
				"CODE_SIGN_IDENTITY[sdk=iphoneos*]" = "iPhone Developer";
				COPY_PHASE_STRIP = NO;
				DEBUG_INFORMATION_FORMAT = dwarf;
				ENABLE_STRICT_OBJC_MSGSEND = YES;
				ENABLE_TESTABILITY = YES;
				GCC_C_LANGUAGE_STANDARD = gnu99;
				GCC_DYNAMIC_NO_PIC = NO;
				GCC_NO_COMMON_BLOCKS = YES;
				GCC_OPTIMIZATION_LEVEL = 0;
				GCC_PREPROCESSOR_DEFINITIONS = (
					"DEBUG=1",
					"$(inherited)",
				);
				GCC_WARN_64_TO_32_BIT_CONVERSION = YES;
				GCC_WARN_ABOUT_RETURN_TYPE = YES_ERROR;
				GCC_WARN_UNDECLARED_SELECTOR = YES;
				GCC_WARN_UNINITIALIZED_AUTOS = YES_AGGRESSIVE;
				GCC_WARN_UNUSED_FUNCTION = YES;
				GCC_WARN_UNUSED_VARIABLE = YES;
				IPHONEOS_DEPLOYMENT_TARGET = 8.0;
				MTL_ENABLE_DEBUG_INFO = YES;
				ONLY_ACTIVE_ARCH = YES;
				SDKROOT = iphoneos;
				TARGETED_DEVICE_FAMILY = "1,2";
			};
			name = Debug;
		};
		28E3E62C1EB1AF88008093B7 /* Release */ = {
			isa = XCBuildConfiguration;
			buildSettings = {
				ALWAYS_SEARCH_USER_PATHS = NO;
				CLANG_ANALYZER_NONNULL = YES;
				CLANG_CXX_LANGUAGE_STANDARD = "gnu++0x";
				CLANG_CXX_LIBRARY = "libc++";
				CLANG_ENABLE_MODULES = YES;
				CLANG_ENABLE_OBJC_ARC = YES;
				CLANG_WARN_BOOL_CONVERSION = YES;
				CLANG_WARN_CONSTANT_CONVERSION = YES;
				CLANG_WARN_DIRECT_OBJC_ISA_USAGE = YES_ERROR;
				CLANG_WARN_DOCUMENTATION_COMMENTS = YES;
				CLANG_WARN_EMPTY_BODY = YES;
				CLANG_WARN_ENUM_CONVERSION = YES;
				CLANG_WARN_INFINITE_RECURSION = YES;
				CLANG_WARN_INT_CONVERSION = YES;
				CLANG_WARN_OBJC_ROOT_CLASS = YES_ERROR;
				CLANG_WARN_SUSPICIOUS_MOVE = YES;
				CLANG_WARN_UNREACHABLE_CODE = YES;
				CLANG_WARN__DUPLICATE_METHOD_MATCH = YES;
				"CODE_SIGN_IDENTITY[sdk=iphoneos*]" = "iPhone Developer";
				COPY_PHASE_STRIP = NO;
				DEBUG_INFORMATION_FORMAT = "dwarf-with-dsym";
				ENABLE_NS_ASSERTIONS = NO;
				ENABLE_STRICT_OBJC_MSGSEND = YES;
				GCC_C_LANGUAGE_STANDARD = gnu99;
				GCC_NO_COMMON_BLOCKS = YES;
				GCC_WARN_64_TO_32_BIT_CONVERSION = YES;
				GCC_WARN_ABOUT_RETURN_TYPE = YES_ERROR;
				GCC_WARN_UNDECLARED_SELECTOR = YES;
				GCC_WARN_UNINITIALIZED_AUTOS = YES_AGGRESSIVE;
				GCC_WARN_UNUSED_FUNCTION = YES;
				GCC_WARN_UNUSED_VARIABLE = YES;
				IPHONEOS_DEPLOYMENT_TARGET = 8.0;
				MTL_ENABLE_DEBUG_INFO = NO;
				SDKROOT = iphoneos;
				TARGETED_DEVICE_FAMILY = "1,2";
				VALIDATE_PRODUCT = YES;
			};
			name = Release;
		};
		28E3E62E1EB1AF88008093B7 /* Debug */ = {
			isa = XCBuildConfiguration;
			baseConfigurationReference = F1026624EE1AB9CB14C5C554 /* Pods-DisneyPhotoAuto.debug.xcconfig */;
			buildSettings = {
				ASSETCATALOG_COMPILER_APPICON_NAME = AppIcon;
				CODE_SIGN_ENTITLEMENTS = DisneyPhotoAuto/DisneyPhotoAuto.entitlements;
				DEVELOPMENT_TEAM = 4H22C2CRLW;
				FRAMEWORK_SEARCH_PATHS = (
					"$(inherited)",
					"$(PROJECT_DIR)",
					"$(PROJECT_DIR)/DisneyPhotoAuto",
				);
				GCC_PRECOMPILE_PREFIX_HEADER = YES;
				GCC_PREFIX_HEADER = DisneyPhotoAuto/DisneyPhotoAuto_PrefixHeader.pch;
				INFOPLIST_FILE = DisneyPhotoAuto/Info.plist;
				LD_RUNPATH_SEARCH_PATHS = "$(inherited) @executable_path/Frameworks";
				PRODUCT_BUNDLE_IDENTIFIER = com.mxf.DisneyPhoto;
				PRODUCT_NAME = "$(TARGET_NAME)";
				PROVISIONING_PROFILE = "17939637-595e-4b42-b545-39fb279b206b";
				PROVISIONING_PROFILE_SPECIFIER = mxf_dev;
			};
			name = Debug;
		};
		28E3E62F1EB1AF88008093B7 /* Release */ = {
			isa = XCBuildConfiguration;
			baseConfigurationReference = 32ABED7CB70CBD278782E435 /* Pods-DisneyPhotoAuto.release.xcconfig */;
			buildSettings = {
				ASSETCATALOG_COMPILER_APPICON_NAME = AppIcon;
				CODE_SIGN_ENTITLEMENTS = DisneyPhotoAuto/DisneyPhotoAuto.entitlements;
				DEVELOPMENT_TEAM = 4H22C2CRLW;
				FRAMEWORK_SEARCH_PATHS = (
					"$(inherited)",
					"$(PROJECT_DIR)",
					"$(PROJECT_DIR)/DisneyPhotoAuto",
				);
				GCC_PRECOMPILE_PREFIX_HEADER = YES;
				GCC_PREFIX_HEADER = DisneyPhotoAuto/DisneyPhotoAuto_PrefixHeader.pch;
				INFOPLIST_FILE = DisneyPhotoAuto/Info.plist;
				LD_RUNPATH_SEARCH_PATHS = "$(inherited) @executable_path/Frameworks";
				PRODUCT_BUNDLE_IDENTIFIER = com.mxf.DisneyPhoto;
				PRODUCT_NAME = "$(TARGET_NAME)";
				PROVISIONING_PROFILE = "17939637-595e-4b42-b545-39fb279b206b";
				PROVISIONING_PROFILE_SPECIFIER = mxf_dev;
			};
			name = Release;
		};
/* End XCBuildConfiguration section */

/* Begin XCConfigurationList section */
		28E3E6111EB1AF88008093B7 /* Build configuration list for PBXProject "DisneyPhotoAuto" */ = {
			isa = XCConfigurationList;
			buildConfigurations = (
				28E3E62B1EB1AF88008093B7 /* Debug */,
				28E3E62C1EB1AF88008093B7 /* Release */,
			);
			defaultConfigurationIsVisible = 0;
			defaultConfigurationName = Release;
		};
		28E3E62D1EB1AF88008093B7 /* Build configuration list for PBXNativeTarget "DisneyPhotoAuto" */ = {
			isa = XCConfigurationList;
			buildConfigurations = (
				28E3E62E1EB1AF88008093B7 /* Debug */,
				28E3E62F1EB1AF88008093B7 /* Release */,
			);
			defaultConfigurationIsVisible = 0;
			defaultConfigurationName = Release;
		};
/* End XCConfigurationList section */
	};
	rootObject = 28E3E60E1EB1AF88008093B7 /* Project object */;
}
