// !$*UTF8*$!
{
	archiveVersion = 1;
	classes = {
	};
	objectVersion = 46;
	objects = {

/* Begin PBXBuildFile section */
		283EABF51EAD988100B19494 /* AppDelegate.m in Sources */ = {isa = PBXBuildFile; fileRef = 283EABF41EAD988100B19494 /* AppDelegate.m */; };
		283EABF81EAD988100B19494 /* main.m in Sources */ = {isa = PBXBuildFile; fileRef = 283EABF71EAD988100B19494 /* main.m */; };
		283EABFB1EAD988100B19494 /* ViewController.m in Sources */ = {isa = PBXBuildFile; fileRef = 283EABFA1EAD988100B19494 /* ViewController.m */; };
		283EABFD1EAD988100B19494 /* Assets.xcassets in Resources */ = {isa = PBXBuildFile; fileRef = 283EABFC1EAD988100B19494 /* Assets.xcassets */; };
		283EAC001EAD988100B19494 /* Main.storyboard in Resources */ = {isa = PBXBuildFile; fileRef = 283EABFE1EAD988100B19494 /* Main.storyboard */; };
/* End PBXBuildFile section */

/* Begin PBXFileReference section */
		283EABF01EAD988100B19494 /* DisneyPhoto.app */ = {isa = PBXFileReference; explicitFileType = wrapper.application; includeInIndex = 0; path = DisneyPhoto.app; sourceTree = BUILT_PRODUCTS_DIR; };
		283EABF31EAD988100B19494 /* AppDelegate.h */ = {isa = PBXFileReference; lastKnownFileType = sourcecode.c.h; path = AppDelegate.h; sourceTree = "<group>"; };
		283EABF41EAD988100B19494 /* AppDelegate.m */ = {isa = PBXFileReference; lastKnownFileType = sourcecode.c.objc; path = AppDelegate.m; sourceTree = "<group>"; };
		283EABF71EAD988100B19494 /* main.m */ = {isa = PBXFileReference; lastKnownFileType = sourcecode.c.objc; path = main.m; sourceTree = "<group>"; };
		283EABF91EAD988100B19494 /* ViewController.h */ = {isa = PBXFileReference; lastKnownFileType = sourcecode.c.h; path = ViewController.h; sourceTree = "<group>"; };
		283EABFA1EAD988100B19494 /* ViewController.m */ = {isa = PBXFileReference; lastKnownFileType = sourcecode.c.objc; path = ViewController.m; sourceTree = "<group>"; };
		283EABFC1EAD988100B19494 /* Assets.xcassets */ = {isa = PBXFileReference; lastKnownFileType = folder.assetcatalog; path = Assets.xcassets; sourceTree = "<group>"; };
		283EABFF1EAD988100B19494 /* Base */ = {isa = PBXFileReference; lastKnownFileType = file.storyboard; name = Base; path = Base.lproj/Main.storyboard; sourceTree = "<group>"; };
		283EAC011EAD988100B19494 /* Info.plist */ = {isa = PBXFileReference; lastKnownFileType = text.plist.xml; path = Info.plist; sourceTree = "<group>"; };
/* End PBXFileReference section */

/* Begin PBXFrameworksBuildPhase section */
		283EABED1EAD988100B19494 /* Frameworks */ = {
			isa = PBXFrameworksBuildPhase;
			buildActionMask = 2147483647;
			files = (
			);
			runOnlyForDeploymentPostprocessing = 0;
		};
/* End PBXFrameworksBuildPhase section */

/* Begin PBXGroup section */
		283EABE71EAD988100B19494 = {
			isa = PBXGroup;
			children = (
				283EABF21EAD988100B19494 /* DisneyPhoto */,
				283EABF11EAD988100B19494 /* Products */,
			);
			sourceTree = "<group>";
		};
		283EABF11EAD988100B19494 /* Products */ = {
			isa = PBXGroup;
			children = (
				283EABF01EAD988100B19494 /* DisneyPhoto.app */,
			);
			name = Products;
			sourceTree = "<group>";
		};
		283EABF21EAD988100B19494 /* DisneyPhoto */ = {
			isa = PBXGroup;
			children = (
				283EABF31EAD988100B19494 /* AppDelegate.h */,
				283EABF41EAD988100B19494 /* AppDelegate.m */,
				283EABF91EAD988100B19494 /* ViewController.h */,
				283EABFA1EAD988100B19494 /* ViewController.m */,
				283EABFC1EAD988100B19494 /* Assets.xcassets */,
				283EABFE1EAD988100B19494 /* Main.storyboard */,
				283EAC011EAD988100B19494 /* Info.plist */,
				283EABF61EAD988100B19494 /* Supporting Files */,
			);
			path = DisneyPhoto;
			sourceTree = "<group>";
		};
		283EABF61EAD988100B19494 /* Supporting Files */ = {
			isa = PBXGroup;
			children = (
				283EABF71EAD988100B19494 /* main.m */,
			);
			name = "Supporting Files";
			sourceTree = "<group>";
		};
/* End PBXGroup section */

/* Begin PBXNativeTarget section */
		283EABEF1EAD988100B19494 /* DisneyPhoto */ = {
			isa = PBXNativeTarget;
			buildConfigurationList = 283EAC041EAD988100B19494 /* Build configuration list for PBXNativeTarget "DisneyPhoto" */;
			buildPhases = (
				283EABEC1EAD988100B19494 /* Sources */,
				283EABED1EAD988100B19494 /* Frameworks */,
				283EABEE1EAD988100B19494 /* Resources */,
			);
			buildRules = (
			);
			dependencies = (
			);
			name = DisneyPhoto;
			productName = DisneyPhoto;
			productReference = 283EABF01EAD988100B19494 /* DisneyPhoto.app */;
			productType = "com.apple.product-type.application";
		};
/* End PBXNativeTarget section */

/* Begin PBXProject section */
		283EABE81EAD988100B19494 /* Project object */ = {
			isa = PBXProject;
			attributes = {
				LastUpgradeCheck = 0820;
				ORGANIZATIONNAME = Bruno.ma;
				TargetAttributes = {
					283EABEF1EAD988100B19494 = {
						CreatedOnToolsVersion = 8.2.1;
						ProvisioningStyle = Automatic;
					};
				};
			};
			buildConfigurationList = 283EABEB1EAD988100B19494 /* Build configuration list for PBXProject "DisneyPhoto" */;
			compatibilityVersion = "Xcode 3.2";
			developmentRegion = English;
			hasScannedForEncodings = 0;
			knownRegions = (
				en,
				Base,
			);
			mainGroup = 283EABE71EAD988100B19494;
			productRefGroup = 283EABF11EAD988100B19494 /* Products */;
			projectDirPath = "";
			projectRoot = "";
			targets = (
				283EABEF1EAD988100B19494 /* DisneyPhoto */,
			);
		};
/* End PBXProject section */

/* Begin PBXResourcesBuildPhase section */
		283EABEE1EAD988100B19494 /* Resources */ = {
			isa = PBXResourcesBuildPhase;
			buildActionMask = 2147483647;
			files = (
				283EABFD1EAD988100B19494 /* Assets.xcassets in Resources */,
				283EAC001EAD988100B19494 /* Main.storyboard in Resources */,
			);
			runOnlyForDeploymentPostprocessing = 0;
		};
/* End PBXResourcesBuildPhase section */

/* Begin PBXSourcesBuildPhase section */
		283EABEC1EAD988100B19494 /* Sources */ = {
			isa = PBXSourcesBuildPhase;
			buildActionMask = 2147483647;
			files = (
				283EABFB1EAD988100B19494 /* ViewController.m in Sources */,
				283EABF81EAD988100B19494 /* main.m in Sources */,
				283EABF51EAD988100B19494 /* AppDelegate.m in Sources */,
			);
			runOnlyForDeploymentPostprocessing = 0;
		};
/* End PBXSourcesBuildPhase section */

/* Begin PBXVariantGroup section */
		283EABFE1EAD988100B19494 /* Main.storyboard */ = {
			isa = PBXVariantGroup;
			children = (
				283EABFF1EAD988100B19494 /* Base */,
			);
			name = Main.storyboard;
			sourceTree = "<group>";
		};
/* End PBXVariantGroup section */

/* Begin XCBuildConfiguration section */
		283EAC021EAD988100B19494 /* Debug */ = {
			isa = XCBuildConfiguration;
			buildSettings = {
				ALWAYS_SEARCH_USER_PATHS = NO;
				CLANG_ANALYZER_NONNULL = YES;
				CLANG_CXX_LANGUAGE_STANDARD = "gnu++0x";
				CLANG_CXX_LIBRARY = "libc++";
				CLANG_ENABLE_MODULES = YES;
				CLANG_ENABLE_OBJC_ARC = YES;
				CLANG_WARN_BOOL_CONVERSION = YES;
				CLANG_WARN_CONSTANT_CONVERSION = YES;
				CLANG_WARN_DIRECT_OBJC_ISA_USAGE = YES_ERROR;
				CLANG_WARN_DOCUMENTATION_COMMENTS = YES;
				CLANG_WARN_EMPTY_BODY = YES;
				CLANG_WARN_ENUM_CONVERSION = YES;
				CLANG_WARN_INFINITE_RECURSION = YES;
				CLANG_WARN_INT_CONVERSION = YES;
				CLANG_WARN_OBJC_ROOT_CLASS = YES_ERROR;
				CLANG_WARN_SUSPICIOUS_MOVE = YES;
				CLANG_WARN_UNREACHABLE_CODE = YES;
				CLANG_WARN__DUPLICATE_METHOD_MATCH = YES;
				CODE_SIGN_IDENTITY = "-";
				COPY_PHASE_STRIP = NO;
				DEBUG_INFORMATION_FORMAT = dwarf;
				ENABLE_STRICT_OBJC_MSGSEND = YES;
				ENABLE_TESTABILITY = YES;
				GCC_C_LANGUAGE_STANDARD = gnu99;
				GCC_DYNAMIC_NO_PIC = NO;
				GCC_NO_COMMON_BLOCKS = YES;
				GCC_OPTIMIZATION_LEVEL = 0;
				GCC_PREPROCESSOR_DEFINITIONS = (
					"DEBUG=1",
					"$(inherited)",
				);
				GCC_WARN_64_TO_32_BIT_CONVERSION = YES;
				GCC_WARN_ABOUT_RETURN_TYPE = YES_ERROR;
				GCC_WARN_UNDECLARED_SELECTOR = YES;
				GCC_WARN_UNINITIALIZED_AUTOS = YES_AGGRESSIVE;
				GCC_WARN_UNUSED_FUNCTION = YES;
				GCC_WARN_UNUSED_VARIABLE = YES;
				MACOSX_DEPLOYMENT_TARGET = 10.12;
				MTL_ENABLE_DEBUG_INFO = YES;
				ONLY_ACTIVE_ARCH = YES;
				SDKROOT = macosx;
			};
			name = Debug;
		};
		283EAC031EAD988100B19494 /* Release */ = {
			isa = XCBuildConfiguration;
			buildSettings = {
				ALWAYS_SEARCH_USER_PATHS = NO;
				CLANG_ANALYZER_NONNULL = YES;
				CLANG_CXX_LANGUAGE_STANDARD = "gnu++0x";
				CLANG_CXX_LIBRARY = "libc++";
				CLANG_ENABLE_MODULES = YES;
				CLANG_ENABLE_OBJC_ARC = YES;
				CLANG_WARN_BOOL_CONVERSION = YES;
				CLANG_WARN_CONSTANT_CONVERSION = YES;
				CLANG_WARN_DIRECT_OBJC_ISA_USAGE = YES_ERROR;
				CLANG_WARN_DOCUMENTATION_COMMENTS = YES;
				CLANG_WARN_EMPTY_BODY = YES;
				CLANG_WARN_ENUM_CONVERSION = YES;
				CLANG_WARN_INFINITE_RECURSION = YES;
				CLANG_WARN_INT_CONVERSION = YES;
				CLANG_WARN_OBJC_ROOT_CLASS = YES_ERROR;
				CLANG_WARN_SUSPICIOUS_MOVE = YES;
				CLANG_WARN_UNREACHABLE_CODE = YES;
				CLANG_WARN__DUPLICATE_METHOD_MATCH = YES;
				CODE_SIGN_IDENTITY = "-";
				COPY_PHASE_STRIP = NO;
				DEBUG_INFORMATION_FORMAT = "dwarf-with-dsym";
				ENABLE_NS_ASSERTIONS = NO;
				ENABLE_STRICT_OBJC_MSGSEND = YES;
				GCC_C_LANGUAGE_STANDARD = gnu99;
				GCC_NO_COMMON_BLOCKS = YES;
				GCC_WARN_64_TO_32_BIT_CONVERSION = YES;
				GCC_WARN_ABOUT_RETURN_TYPE = YES_ERROR;
				GCC_WARN_UNDECLARED_SELECTOR = YES;
				GCC_WARN_UNINITIALIZED_AUTOS = YES_AGGRESSIVE;
				GCC_WARN_UNUSED_FUNCTION = YES;
				GCC_WARN_UNUSED_VARIABLE = YES;
				MACOSX_DEPLOYMENT_TARGET = 10.12;
				MTL_ENABLE_DEBUG_INFO = NO;
				SDKROOT = macosx;
			};
			name = Release;
		};
		283EAC051EAD988100B19494 /* Debug */ = {
			isa = XCBuildConfiguration;
			buildSettings = {
				ASSETCATALOG_COMPILER_APPICON_NAME = AppIcon;
				COMBINE_HIDPI_IMAGES = YES;
				INFOPLIST_FILE = DisneyPhoto/Info.plist;
				LD_RUNPATH_SEARCH_PATHS = "$(inherited) @executable_path/../Frameworks";
				PRODUCT_BUNDLE_IDENTIFIER = ma.DisneyPhoto;
				PRODUCT_NAME = "$(TARGET_NAME)";
			};
			name = Debug;
		};
		283EAC061EAD988100B19494 /* Release */ = {
			isa = XCBuildConfiguration;
			buildSettings = {
				ASSETCATALOG_COMPILER_APPICON_NAME = AppIcon;
				COMBINE_HIDPI_IMAGES = YES;
				INFOPLIST_FILE = DisneyPhoto/Info.plist;
				LD_RUNPATH_SEARCH_PATHS = "$(inherited) @executable_path/../Frameworks";
				PRODUCT_BUNDLE_IDENTIFIER = ma.DisneyPhoto;
				PRODUCT_NAME = "$(TARGET_NAME)";
			};
			name = Release;
		};
/* End XCBuildConfiguration section */

/* Begin XCConfigurationList section */
		283EABEB1EAD988100B19494 /* Build configuration list for PBXProject "DisneyPhoto" */ = {
			isa = XCConfigurationList;
			buildConfigurations = (
				283EAC021EAD988100B19494 /* Debug */,
				283EAC031EAD988100B19494 /* Release */,
			);
			defaultConfigurationIsVisible = 0;
			defaultConfigurationName = Release;
		};
		283EAC041EAD988100B19494 /* Build configuration list for PBXNativeTarget "DisneyPhoto" */ = {
			isa = XCConfigurationList;
			buildConfigurations = (
				283EAC051EAD988100B19494 /* Debug */,
				283EAC061EAD988100B19494 /* Release */,
			);
			defaultConfigurationIsVisible = 0;
		};
/* End XCConfigurationList section */
	};
	rootObject = 283EABE81EAD988100B19494 /* Project object */;
}
